
Microsoft Visual Studio Solution File, Format Version 12.00
# Visual Studio 2012
Project("{FAE04EC0-301F-11D3-BF4B-00C04F79EFBC}") = "VMHub.iOS", "VMHub.iOS\VMHub.iOS.csproj", "{1F1644AD-B40C-431F-A091-383DB397EFBF}"
EndProject
Project("{FAE04EC0-301F-11D3-BF4B-00C04F79EFBC}") = "VMHub.iOS.UITests", "VMHub.iOS.UITests\VMHub.iOS.UITests.csproj", "{13EE3C37-E533-42EA-BB20-417A70DBB0E4}"
EndProject
Global
	GlobalSection(SolutionConfigurationPlatforms) = preSolution
		Debug|iPhoneSimulator = Debug|iPhoneSimulator
		Release|iPhone = Release|iPhone
		Release|iPhoneSimulator = Release|iPhoneSimulator
		Debug|iPhone = Debug|iPhone
		Debug|Any CPU = Debug|Any CPU
		Release|Any CPU = Release|Any CPU
	EndGlobalSection
	GlobalSection(ProjectConfigurationPlatforms) = postSolution
		{13EE3C37-E533-42EA-BB20-417A70DBB0E4}.Debug|Any CPU.ActiveCfg = Debug|Any CPU
		{13EE3C37-E533-42EA-BB20-417A70DBB0E4}.Debug|Any CPU.Build.0 = Debug|Any CPU
		{13EE3C37-E533-42EA-BB20-417A70DBB0E4}.Debug|iPhone.ActiveCfg = Debug|Any CPU
		{13EE3C37-E533-42EA-BB20-417A70DBB0E4}.Debug|iPhone.Build.0 = Debug|Any CPU
		{13EE3C37-E533-42EA-BB20-417A70DBB0E4}.Debug|iPhoneSimulator.ActiveCfg = Debug|Any CPU
		{13EE3C37-E533-42EA-BB20-417A70DBB0E4}.Debug|iPhoneSimulator.Build.0 = Debug|Any CPU
		{13EE3C37-E533-42EA-BB20-417A70DBB0E4}.Release|Any CPU.ActiveCfg = Release|Any CPU
		{13EE3C37-E533-42EA-BB20-417A70DBB0E4}.Release|Any CPU.Build.0 = Release|Any CPU
		{13EE3C37-E533-42EA-BB20-417A70DBB0E4}.Release|iPhone.ActiveCfg = Release|Any CPU
		{13EE3C37-E533-42EA-BB20-417A70DBB0E4}.Release|iPhone.Build.0 = Release|Any CPU
		{13EE3C37-E533-42EA-BB20-417A70DBB0E4}.Release|iPhoneSimulator.ActiveCfg = Release|Any CPU
		{13EE3C37-E533-42EA-BB20-417A70DBB0E4}.Release|iPhoneSimulator.Build.0 = Release|Any CPU
		{1F1644AD-B40C-431F-A091-383DB397EFBF}.Debug|Any CPU.ActiveCfg = Debug|iPhoneSimulator
		{1F1644AD-B40C-431F-A091-383DB397EFBF}.Debug|Any CPU.Build.0 = Debug|iPhoneSimulator
		{1F1644AD-B40C-431F-A091-383DB397EFBF}.Debug|iPhone.ActiveCfg = Debug|iPhone
		{1F1644AD-B40C-431F-A091-383DB397EFBF}.Debug|iPhone.Build.0 = Debug|iPhone
		{1F1644AD-B40C-431F-A091-383DB397EFBF}.Debug|iPhoneSimulator.ActiveCfg = Debug|iPhoneSimulator
		{1F1644AD-B40C-431F-A091-383DB397EFBF}.Debug|iPhoneSimulator.Build.0 = Debug|iPhoneSimulator
		{1F1644AD-B40C-431F-A091-383DB397EFBF}.Release|Any CPU.ActiveCfg = Release|iPhone
		{1F1644AD-B40C-431F-A091-383DB397EFBF}.Release|Any CPU.Build.0 = Release|iPhone
		{1F1644AD-B40C-431F-A091-383DB397EFBF}.Release|iPhone.ActiveCfg = Release|iPhone
		{1F1644AD-B40C-431F-A091-383DB397EFBF}.Release|iPhone.Build.0 = Release|iPhone
		{1F1644AD-B40C-431F-A091-383DB397EFBF}.Release|iPhoneSimulator.ActiveCfg = Release|iPhoneSimulator
		{1F1644AD-B40C-431F-A091-383DB397EFBF}.Release|iPhoneSimulator.Build.0 = Release|iPhoneSimulator
	EndGlobalSection
EndGlobal
