
Microsoft Visual Studio Solution File, Format Version 12.00
# Visual Studio 2013
VisualStudioVersion = 12.0.31101.0
MinimumVisualStudioVersion = 10.0.40219.1
Project("{FAE04EC0-301F-11D3-BF4B-00C04F79EFBC}") = "ClientSuite.iOS", "iOS\ClientSuite.iOS.csproj", "{440F8332-B9B1-4701-9F6C-2C8AFEE5829F}"
EndProject
Project("{FAE04EC0-301F-11D3-BF4B-00C04F79EFBC}") = "ClientSuite.Droid", "Droid\ClientSuite.Droid.csproj", "{745354DC-D691-4AC0-9C1D-96170590596A}"
EndProject
Project("{FAE04EC0-301F-11D3-BF4B-00C04F79EFBC}") = "BasicServiceData", "BasicServiceData\BasicServiceData.csproj", "{66005BBD-1D3A-4C64-BDE6-13132EDCFB28}"
EndProject
Project("{FAE04EC0-301F-11D3-BF4B-00C04F79EFBC}") = "ClientLibrary", "ClientLibrary\ClientLibrary.csproj", "{C46327B8-2C81-4C5D-926F-DBDDC75225AB}"
EndProject
Project("{FAE04EC0-301F-11D3-BF4B-00C04F79EFBC}") = "VMHubWindowsPhoneApp", "WindowsApp\WindowsApp\VMHubWindowsPhoneApp.csproj", "{3753AA95-B413-4BB9-BE8A-1DAD2C71FA3A}"
	ProjectSection(ProjectDependencies) = postProject
		{863C69BC-FA16-4B32-A36E-5DDBA0E9623E} = {863C69BC-FA16-4B32-A36E-5DDBA0E9623E}
	EndProjectSection
EndProject
Project("{FAE04EC0-301F-11D3-BF4B-00C04F79EFBC}") = "VMHub.Data", "vHub.Data\VMHub.Data.csproj", "{863C69BC-FA16-4B32-A36E-5DDBA0E9623E}"
EndProject
Global
	GlobalSection(SolutionConfigurationPlatforms) = preSolution
		Debug|Any CPU = Debug|Any CPU
		Debug|ARM = Debug|ARM
		Debug|iPhone = Debug|iPhone
		Debug|iPhoneSimulator = Debug|iPhoneSimulator
		Debug|x64 = Debug|x64
		Debug|x86 = Debug|x86
		Release|Any CPU = Release|Any CPU
		Release|ARM = Release|ARM
		Release|iPhone = Release|iPhone
		Release|iPhoneSimulator = Release|iPhoneSimulator
		Release|x64 = Release|x64
		Release|x86 = Release|x86
	EndGlobalSection
	GlobalSection(ProjectConfigurationPlatforms) = postSolution
		{440F8332-B9B1-4701-9F6C-2C8AFEE5829F}.Debug|Any CPU.ActiveCfg = Debug|iPhoneSimulator
		{440F8332-B9B1-4701-9F6C-2C8AFEE5829F}.Debug|Any CPU.Build.0 = Debug|iPhoneSimulator
		{440F8332-B9B1-4701-9F6C-2C8AFEE5829F}.Debug|ARM.ActiveCfg = Debug|iPhone
		{440F8332-B9B1-4701-9F6C-2C8AFEE5829F}.Debug|iPhone.ActiveCfg = Debug|iPhone
		{440F8332-B9B1-4701-9F6C-2C8AFEE5829F}.Debug|iPhone.Build.0 = Debug|iPhone
		{440F8332-B9B1-4701-9F6C-2C8AFEE5829F}.Debug|iPhoneSimulator.ActiveCfg = Debug|iPhoneSimulator
		{440F8332-B9B1-4701-9F6C-2C8AFEE5829F}.Debug|iPhoneSimulator.Build.0 = Debug|iPhoneSimulator
		{440F8332-B9B1-4701-9F6C-2C8AFEE5829F}.Debug|x64.ActiveCfg = Debug|iPhoneSimulator
		{440F8332-B9B1-4701-9F6C-2C8AFEE5829F}.Debug|x64.Build.0 = Debug|iPhoneSimulator
		{440F8332-B9B1-4701-9F6C-2C8AFEE5829F}.Debug|x86.ActiveCfg = Debug|iPhone
		{440F8332-B9B1-4701-9F6C-2C8AFEE5829F}.Release|Any CPU.ActiveCfg = Release|iPhone
		{440F8332-B9B1-4701-9F6C-2C8AFEE5829F}.Release|Any CPU.Build.0 = Release|iPhone
		{440F8332-B9B1-4701-9F6C-2C8AFEE5829F}.Release|ARM.ActiveCfg = Release|iPhoneSimulator
		{440F8332-B9B1-4701-9F6C-2C8AFEE5829F}.Release|iPhone.ActiveCfg = Release|iPhone
		{440F8332-B9B1-4701-9F6C-2C8AFEE5829F}.Release|iPhone.Build.0 = Release|iPhone
		{440F8332-B9B1-4701-9F6C-2C8AFEE5829F}.Release|iPhoneSimulator.ActiveCfg = Release|iPhoneSimulator
		{440F8332-B9B1-4701-9F6C-2C8AFEE5829F}.Release|iPhoneSimulator.Build.0 = Release|iPhoneSimulator
		{440F8332-B9B1-4701-9F6C-2C8AFEE5829F}.Release|x64.ActiveCfg = Release|iPhone
		{440F8332-B9B1-4701-9F6C-2C8AFEE5829F}.Release|x64.Build.0 = Release|iPhone
		{440F8332-B9B1-4701-9F6C-2C8AFEE5829F}.Release|x86.ActiveCfg = Release|iPhoneSimulator
		{745354DC-D691-4AC0-9C1D-96170590596A}.Debug|Any CPU.ActiveCfg = Debug|Any CPU
		{745354DC-D691-4AC0-9C1D-96170590596A}.Debug|Any CPU.Build.0 = Debug|Any CPU
		{745354DC-D691-4AC0-9C1D-96170590596A}.Debug|ARM.ActiveCfg = Debug|Any CPU
		{745354DC-D691-4AC0-9C1D-96170590596A}.Debug|iPhone.ActiveCfg = Debug|Any CPU
		{745354DC-D691-4AC0-9C1D-96170590596A}.Debug|iPhone.Build.0 = Debug|Any CPU
		{745354DC-D691-4AC0-9C1D-96170590596A}.Debug|iPhoneSimulator.ActiveCfg = Debug|Any CPU
		{745354DC-D691-4AC0-9C1D-96170590596A}.Debug|iPhoneSimulator.Build.0 = Debug|Any CPU
		{745354DC-D691-4AC0-9C1D-96170590596A}.Debug|x64.ActiveCfg = Debug|Any CPU
		{745354DC-D691-4AC0-9C1D-96170590596A}.Debug|x64.Build.0 = Debug|Any CPU
		{745354DC-D691-4AC0-9C1D-96170590596A}.Debug|x86.ActiveCfg = Debug|Any CPU
		{745354DC-D691-4AC0-9C1D-96170590596A}.Release|Any CPU.ActiveCfg = Release|Any CPU
		{745354DC-D691-4AC0-9C1D-96170590596A}.Release|Any CPU.Build.0 = Release|Any CPU
		{745354DC-D691-4AC0-9C1D-96170590596A}.Release|ARM.ActiveCfg = Release|Any CPU
		{745354DC-D691-4AC0-9C1D-96170590596A}.Release|iPhone.ActiveCfg = Release|Any CPU
		{745354DC-D691-4AC0-9C1D-96170590596A}.Release|iPhone.Build.0 = Release|Any CPU
		{745354DC-D691-4AC0-9C1D-96170590596A}.Release|iPhoneSimulator.ActiveCfg = Release|Any CPU
		{745354DC-D691-4AC0-9C1D-96170590596A}.Release|iPhoneSimulator.Build.0 = Release|Any CPU
		{745354DC-D691-4AC0-9C1D-96170590596A}.Release|x64.ActiveCfg = Release|Any CPU
		{745354DC-D691-4AC0-9C1D-96170590596A}.Release|x64.Build.0 = Release|Any CPU
		{745354DC-D691-4AC0-9C1D-96170590596A}.Release|x86.ActiveCfg = Release|Any CPU
		{66005BBD-1D3A-4C64-BDE6-13132EDCFB28}.Debug|Any CPU.ActiveCfg = Debug|Any CPU
		{66005BBD-1D3A-4C64-BDE6-13132EDCFB28}.Debug|Any CPU.Build.0 = Debug|Any CPU
		{66005BBD-1D3A-4C64-BDE6-13132EDCFB28}.Debug|ARM.ActiveCfg = Debug|Any CPU
		{66005BBD-1D3A-4C64-BDE6-13132EDCFB28}.Debug|iPhone.ActiveCfg = Debug|Any CPU
		{66005BBD-1D3A-4C64-BDE6-13132EDCFB28}.Debug|iPhone.Build.0 = Debug|Any CPU
		{66005BBD-1D3A-4C64-BDE6-13132EDCFB28}.Debug|iPhoneSimulator.ActiveCfg = Debug|Any CPU
		{66005BBD-1D3A-4C64-BDE6-13132EDCFB28}.Debug|iPhoneSimulator.Build.0 = Debug|Any CPU
		{66005BBD-1D3A-4C64-BDE6-13132EDCFB28}.Debug|x64.ActiveCfg = Debug|x64
		{66005BBD-1D3A-4C64-BDE6-13132EDCFB28}.Debug|x64.Build.0 = Debug|x64
		{66005BBD-1D3A-4C64-BDE6-13132EDCFB28}.Debug|x86.ActiveCfg = Debug|Any CPU
		{66005BBD-1D3A-4C64-BDE6-13132EDCFB28}.Release|Any CPU.ActiveCfg = Release|Any CPU
		{66005BBD-1D3A-4C64-BDE6-13132EDCFB28}.Release|Any CPU.Build.0 = Release|Any CPU
		{66005BBD-1D3A-4C64-BDE6-13132EDCFB28}.Release|ARM.ActiveCfg = Release|Any CPU
		{66005BBD-1D3A-4C64-BDE6-13132EDCFB28}.Release|iPhone.ActiveCfg = Release|Any CPU
		{66005BBD-1D3A-4C64-BDE6-13132EDCFB28}.Release|iPhone.Build.0 = Release|Any CPU
		{66005BBD-1D3A-4C64-BDE6-13132EDCFB28}.Release|iPhoneSimulator.ActiveCfg = Release|Any CPU
		{66005BBD-1D3A-4C64-BDE6-13132EDCFB28}.Release|iPhoneSimulator.Build.0 = Release|Any CPU
		{66005BBD-1D3A-4C64-BDE6-13132EDCFB28}.Release|x64.ActiveCfg = Release|x64
		{66005BBD-1D3A-4C64-BDE6-13132EDCFB28}.Release|x64.Build.0 = Release|x64
		{66005BBD-1D3A-4C64-BDE6-13132EDCFB28}.Release|x86.ActiveCfg = Release|Any CPU
		{C46327B8-2C81-4C5D-926F-DBDDC75225AB}.Debug|Any CPU.ActiveCfg = Debug|Any CPU
		{C46327B8-2C81-4C5D-926F-DBDDC75225AB}.Debug|Any CPU.Build.0 = Debug|Any CPU
		{C46327B8-2C81-4C5D-926F-DBDDC75225AB}.Debug|ARM.ActiveCfg = Debug|Any CPU
		{C46327B8-2C81-4C5D-926F-DBDDC75225AB}.Debug|iPhone.ActiveCfg = Debug|Any CPU
		{C46327B8-2C81-4C5D-926F-DBDDC75225AB}.Debug|iPhone.Build.0 = Debug|Any CPU
		{C46327B8-2C81-4C5D-926F-DBDDC75225AB}.Debug|iPhoneSimulator.ActiveCfg = Debug|Any CPU
		{C46327B8-2C81-4C5D-926F-DBDDC75225AB}.Debug|iPhoneSimulator.Build.0 = Debug|Any CPU
		{C46327B8-2C81-4C5D-926F-DBDDC75225AB}.Debug|x64.ActiveCfg = Debug|Any CPU
		{C46327B8-2C81-4C5D-926F-DBDDC75225AB}.Debug|x64.Build.0 = Debug|Any CPU
		{C46327B8-2C81-4C5D-926F-DBDDC75225AB}.Debug|x86.ActiveCfg = Debug|Any CPU
		{C46327B8-2C81-4C5D-926F-DBDDC75225AB}.Release|Any CPU.ActiveCfg = Release|Any CPU
		{C46327B8-2C81-4C5D-926F-DBDDC75225AB}.Release|Any CPU.Build.0 = Release|Any CPU
		{C46327B8-2C81-4C5D-926F-DBDDC75225AB}.Release|ARM.ActiveCfg = Release|Any CPU
		{C46327B8-2C81-4C5D-926F-DBDDC75225AB}.Release|iPhone.ActiveCfg = Release|Any CPU
		{C46327B8-2C81-4C5D-926F-DBDDC75225AB}.Release|iPhone.Build.0 = Release|Any CPU
		{C46327B8-2C81-4C5D-926F-DBDDC75225AB}.Release|iPhoneSimulator.ActiveCfg = Release|Any CPU
		{C46327B8-2C81-4C5D-926F-DBDDC75225AB}.Release|iPhoneSimulator.Build.0 = Release|Any CPU
		{C46327B8-2C81-4C5D-926F-DBDDC75225AB}.Release|x64.ActiveCfg = Release|Any CPU
		{C46327B8-2C81-4C5D-926F-DBDDC75225AB}.Release|x64.Build.0 = Release|Any CPU
		{C46327B8-2C81-4C5D-926F-DBDDC75225AB}.Release|x86.ActiveCfg = Release|Any CPU
		{3753AA95-B413-4BB9-BE8A-1DAD2C71FA3A}.Debug|Any CPU.ActiveCfg = Debug|Any CPU
		{3753AA95-B413-4BB9-BE8A-1DAD2C71FA3A}.Debug|Any CPU.Build.0 = Debug|Any CPU
		{3753AA95-B413-4BB9-BE8A-1DAD2C71FA3A}.Debug|Any CPU.Deploy.0 = Debug|Any CPU
		{3753AA95-B413-4BB9-BE8A-1DAD2C71FA3A}.Debug|ARM.ActiveCfg = Debug|ARM
		{3753AA95-B413-4BB9-BE8A-1DAD2C71FA3A}.Debug|ARM.Build.0 = Debug|ARM
		{3753AA95-B413-4BB9-BE8A-1DAD2C71FA3A}.Debug|ARM.Deploy.0 = Debug|ARM
		{3753AA95-B413-4BB9-BE8A-1DAD2C71FA3A}.Debug|iPhone.ActiveCfg = Debug|Any CPU
		{3753AA95-B413-4BB9-BE8A-1DAD2C71FA3A}.Debug|iPhoneSimulator.ActiveCfg = Debug|Any CPU
		{3753AA95-B413-4BB9-BE8A-1DAD2C71FA3A}.Debug|x64.ActiveCfg = Debug|Any CPU
		{3753AA95-B413-4BB9-BE8A-1DAD2C71FA3A}.Debug|x86.ActiveCfg = Debug|x86
		{3753AA95-B413-4BB9-BE8A-1DAD2C71FA3A}.Debug|x86.Build.0 = Debug|x86
		{3753AA95-B413-4BB9-BE8A-1DAD2C71FA3A}.Debug|x86.Deploy.0 = Debug|x86
		{3753AA95-B413-4BB9-BE8A-1DAD2C71FA3A}.Release|Any CPU.ActiveCfg = Release|Any CPU
		{3753AA95-B413-4BB9-BE8A-1DAD2C71FA3A}.Release|Any CPU.Build.0 = Release|Any CPU
		{3753AA95-B413-4BB9-BE8A-1DAD2C71FA3A}.Release|Any CPU.Deploy.0 = Release|Any CPU
		{3753AA95-B413-4BB9-BE8A-1DAD2C71FA3A}.Release|ARM.ActiveCfg = Release|ARM
		{3753AA95-B413-4BB9-BE8A-1DAD2C71FA3A}.Release|ARM.Build.0 = Release|ARM
		{3753AA95-B413-4BB9-BE8A-1DAD2C71FA3A}.Release|ARM.Deploy.0 = Release|ARM
		{3753AA95-B413-4BB9-BE8A-1DAD2C71FA3A}.Release|iPhone.ActiveCfg = Release|Any CPU
		{3753AA95-B413-4BB9-BE8A-1DAD2C71FA3A}.Release|iPhoneSimulator.ActiveCfg = Release|Any CPU
		{3753AA95-B413-4BB9-BE8A-1DAD2C71FA3A}.Release|x64.ActiveCfg = Release|Any CPU
		{3753AA95-B413-4BB9-BE8A-1DAD2C71FA3A}.Release|x86.ActiveCfg = Release|x86
		{3753AA95-B413-4BB9-BE8A-1DAD2C71FA3A}.Release|x86.Build.0 = Release|x86
		{3753AA95-B413-4BB9-BE8A-1DAD2C71FA3A}.Release|x86.Deploy.0 = Release|x86
		{863C69BC-FA16-4B32-A36E-5DDBA0E9623E}.Debug|Any CPU.ActiveCfg = Debug|Any CPU
		{863C69BC-FA16-4B32-A36E-5DDBA0E9623E}.Debug|Any CPU.Build.0 = Debug|Any CPU
		{863C69BC-FA16-4B32-A36E-5DDBA0E9623E}.Debug|ARM.ActiveCfg = Debug|ARM
		{863C69BC-FA16-4B32-A36E-5DDBA0E9623E}.Debug|ARM.Build.0 = Debug|ARM
		{863C69BC-FA16-4B32-A36E-5DDBA0E9623E}.Debug|iPhone.ActiveCfg = Debug|Any CPU
		{863C69BC-FA16-4B32-A36E-5DDBA0E9623E}.Debug|iPhoneSimulator.ActiveCfg = Debug|Any CPU
		{863C69BC-FA16-4B32-A36E-5DDBA0E9623E}.Debug|x64.ActiveCfg = Debug|x64
		{863C69BC-FA16-4B32-A36E-5DDBA0E9623E}.Debug|x64.Build.0 = Debug|x64
		{863C69BC-FA16-4B32-A36E-5DDBA0E9623E}.Debug|x86.ActiveCfg = Debug|Any CPU
		{863C69BC-FA16-4B32-A36E-5DDBA0E9623E}.Release|Any CPU.ActiveCfg = Release|Any CPU
		{863C69BC-FA16-4B32-A36E-5DDBA0E9623E}.Release|Any CPU.Build.0 = Release|Any CPU
		{863C69BC-FA16-4B32-A36E-5DDBA0E9623E}.Release|ARM.ActiveCfg = Release|ARM
		{863C69BC-FA16-4B32-A36E-5DDBA0E9623E}.Release|ARM.Build.0 = Release|ARM
		{863C69BC-FA16-4B32-A36E-5DDBA0E9623E}.Release|iPhone.ActiveCfg = Release|Any CPU
		{863C69BC-FA16-4B32-A36E-5DDBA0E9623E}.Release|iPhoneSimulator.ActiveCfg = Release|Any CPU
		{863C69BC-FA16-4B32-A36E-5DDBA0E9623E}.Release|x64.ActiveCfg = Release|x64
		{863C69BC-FA16-4B32-A36E-5DDBA0E9623E}.Release|x64.Build.0 = Release|x64
		{863C69BC-FA16-4B32-A36E-5DDBA0E9623E}.Release|x86.ActiveCfg = Release|Any CPU
	EndGlobalSection
	GlobalSection(SolutionProperties) = preSolution
		HideSolutionNode = FALSE
	EndGlobalSection
EndGlobal
